
Microsoft Visual Studio Solution File, Format Version 12.00
# Visual Studio Version 16
VisualStudioVersion = 16.0.30503.244
MinimumVisualStudioVersion = 10.0.40219.1
Project("{9A19103F-16F7-4668-BE54-9A1E7A4F7556}") = "ThirdParty.API", "ThirdPartyAPI\ThirdParty.API.csproj", "{EB6D0E7A-A052-4F78-969D-BEE2718084E9}"
EndProject
Project("{FAE04EC0-301F-11D3-BF4B-00C04F79EFBC}") = "ThirdParty.Test", "ThirdParty.Test\ThirdParty.Test.csproj", "{BDEAC98C-4438-44D0-864E-7B82523C4826}"
EndProject
Global
	GlobalSection(SolutionConfigurationPlatforms) = preSolution
		Debug|Any CPU = Debug|Any CPU
		Release|Any CPU = Release|Any CPU
	EndGlobalSection
	GlobalSection(ProjectConfigurationPlatforms) = postSolution
		{EB6D0E7A-A052-4F78-969D-BEE2718084E9}.Debug|Any CPU.ActiveCfg = Debug|Any CPU
		{EB6D0E7A-A052-4F78-969D-BEE2718084E9}.Debug|Any CPU.Build.0 = Debug|Any CPU
		{EB6D0E7A-A052-4F78-969D-BEE2718084E9}.Release|Any CPU.ActiveCfg = Release|Any CPU
		{EB6D0E7A-A052-4F78-969D-BEE2718084E9}.Release|Any CPU.Build.0 = Release|Any CPU
		{BDEAC98C-4438-44D0-864E-7B82523C4826}.Debug|Any CPU.ActiveCfg = Debug|Any CPU
		{BDEAC98C-4438-44D0-864E-7B82523C4826}.Debug|Any CPU.Build.0 = Debug|Any CPU
		{BDEAC98C-4438-44D0-864E-7B82523C4826}.Release|Any CPU.ActiveCfg = Release|Any CPU
		{BDEAC98C-4438-44D0-864E-7B82523C4826}.Release|Any CPU.Build.0 = Release|Any CPU
	EndGlobalSection
	GlobalSection(SolutionProperties) = preSolution
		HideSolutionNode = FALSE
	EndGlobalSection
	GlobalSection(ExtensibilityGlobals) = postSolution
		SolutionGuid = {B356B9D8-F513-472A-B59B-6BF6E0C278D6}
	EndGlobalSection
EndGlobal
